
Microsoft Visual Studio Solution File, Format Version 12.00
# Visual Studio Version 17
VisualStudioVersion = 17.7.34202.233
MinimumVisualStudioVersion = 10.0.40219.1
Project("{FAE04EC0-301F-11D3-BF4B-00C04F79EFBC}") = "CarGoatTest", "CarGoatTest\CarGoatTest.csproj", "{427A229F-57A7-46A9-BB39-BB7389251346}"
EndProject
Global
	GlobalSection(SolutionConfigurationPlatforms) = preSolution
		Debug|Any CPU = Debug|Any CPU
		Release|Any CPU = Release|Any CPU
	EndGlobalSection
	GlobalSection(ProjectConfigurationPlatforms) = postSolution
		{427A229F-57A7-46A9-BB39-BB7389251346}.Debug|Any CPU.ActiveCfg = Debug|Any CPU
		{427A229F-57A7-46A9-BB39-BB7389251346}.Debug|Any CPU.Build.0 = Debug|Any CPU
		{427A229F-57A7-46A9-BB39-BB7389251346}.Release|Any CPU.ActiveCfg = Release|Any CPU
		{427A229F-57A7-46A9-BB39-BB7389251346}.Release|Any CPU.Build.0 = Release|Any CPU
	EndGlobalSection
	GlobalSection(SolutionProperties) = preSolution
		HideSolutionNode = FALSE
	EndGlobalSection
	GlobalSection(ExtensibilityGlobals) = postSolution
		SolutionGuid = {A3655956-6F15-4590-AD31-DA0D9B9FEC09}
	EndGlobalSection
EndGlobal
